// !$*UTF8*$!
{
	archiveVersion = 1;
	classes = {
	};
	objectVersion = 48;
	objects = {

/* Begin PBXBuildFile section */
		18C44EBD2080698F004988CA /* AppDelegate.swift in Sources */ = {isa = PBXBuildFile; fileRef = 18C44EBC2080698F004988CA /* AppDelegate.swift */; };
		18C44EBF2080698F004988CA /* ViewController.swift in Sources */ = {isa = PBXBuildFile; fileRef = 18C44EBE2080698F004988CA /* ViewController.swift */; };
		18C44EC22080698F004988CA /* Main.storyboard in Resources */ = {isa = PBXBuildFile; fileRef = 18C44EC02080698F004988CA /* Main.storyboard */; };
		18C44EC42080698F004988CA /* Assets.xcassets in Resources */ = {isa = PBXBuildFile; fileRef = 18C44EC32080698F004988CA /* Assets.xcassets */; };
		18C44EC72080698F004988CA /* LaunchScreen.storyboard in Resources */ = {isa = PBXBuildFile; fileRef = 18C44EC52080698F004988CA /* LaunchScreen.storyboard */; };
		18C44ED22080698F004988CA /* AudioRecorderTests.swift in Sources */ = {isa = PBXBuildFile; fileRef = 18C44ED12080698F004988CA /* AudioRecorderTests.swift */; };
		18C44EDD2080698F004988CA /* AudioRecorderUITests.swift in Sources */ = {isa = PBXBuildFile; fileRef = 18C44EDC2080698F004988CA /* AudioRecorderUITests.swift */; };
/* End PBXBuildFile section */

/* Begin PBXContainerItemProxy section */
		18C44ECE2080698F004988CA /* PBXContainerItemProxy */ = {
			isa = PBXContainerItemProxy;
			containerPortal = 18C44EB12080698F004988CA /* Project object */;
			proxyType = 1;
			remoteGlobalIDString = 18C44EB82080698F004988CA;
			remoteInfo = AudioRecorder;
		};
		18C44ED92080698F004988CA /* PBXContainerItemProxy */ = {
			isa = PBXContainerItemProxy;
			containerPortal = 18C44EB12080698F004988CA /* Project object */;
			proxyType = 1;
			remoteGlobalIDString = 18C44EB82080698F004988CA;
			remoteInfo = AudioRecorder;
		};
/* End PBXContainerItemProxy section */

/* Begin PBXFileReference section */
		18C44EB92080698F004988CA /* AudioRecorder.app */ = {isa = PBXFileReference; explicitFileType = wrapper.application; includeInIndex = 0; path = AudioRecorder.app; sourceTree = BUILT_PRODUCTS_DIR; };
		18C44EBC2080698F004988CA /* AppDelegate.swift */ = {isa = PBXFileReference; lastKnownFileType = sourcecode.swift; path = AppDelegate.swift; sourceTree = "<group>"; };
		18C44EBE2080698F004988CA /* ViewController.swift */ = {isa = PBXFileReference; lastKnownFileType = sourcecode.swift; path = ViewController.swift; sourceTree = "<group>"; };
		18C44EC12080698F004988CA /* Base */ = {isa = PBXFileReference; lastKnownFileType = file.storyboard; name = Base; path = Base.lproj/Main.storyboard; sourceTree = "<group>"; };
		18C44EC32080698F004988CA /* Assets.xcassets */ = {isa = PBXFileReference; lastKnownFileType = folder.assetcatalog; path = Assets.xcassets; sourceTree = "<group>"; };
		18C44EC62080698F004988CA /* Base */ = {isa = PBXFileReference; lastKnownFileType = file.storyboard; name = Base; path = Base.lproj/LaunchScreen.storyboard; sourceTree = "<group>"; };
		18C44EC82080698F004988CA /* Info.plist */ = {isa = PBXFileReference; lastKnownFileType = text.plist.xml; path = Info.plist; sourceTree = "<group>"; };
		18C44ECD2080698F004988CA /* AudioRecorderTests.xctest */ = {isa = PBXFileReference; explicitFileType = wrapper.cfbundle; includeInIndex = 0; path = AudioRecorderTests.xctest; sourceTree = BUILT_PRODUCTS_DIR; };
		18C44ED12080698F004988CA /* AudioRecorderTests.swift */ = {isa = PBXFileReference; lastKnownFileType = sourcecode.swift; path = AudioRecorderTests.swift; sourceTree = "<group>"; };
		18C44ED32080698F004988CA /* Info.plist */ = {isa = PBXFileReference; lastKnownFileType = text.plist.xml; path = Info.plist; sourceTree = "<group>"; };
		18C44ED82080698F004988CA /* AudioRecorderUITests.xctest */ = {isa = PBXFileReference; explicitFileType = wrapper.cfbundle; includeInIndex = 0; path = AudioRecorderUITests.xctest; sourceTree = BUILT_PRODUCTS_DIR; };
		18C44EDC2080698F004988CA /* AudioRecorderUITests.swift */ = {isa = PBXFileReference; lastKnownFileType = sourcecode.swift; path = AudioRecorderUITests.swift; sourceTree = "<group>"; };
		18C44EDE2080698F004988CA /* Info.plist */ = {isa = PBXFileReference; lastKnownFileType = text.plist.xml; path = Info.plist; sourceTree = "<group>"; };
/* End PBXFileReference section */

/* Begin PBXFrameworksBuildPhase section */
		18C44EB62080698F004988CA /* Frameworks */ = {
			isa = PBXFrameworksBuildPhase;
			buildActionMask = 2147483647;
			files = (
			);
			runOnlyForDeploymentPostprocessing = 0;
		};
		18C44ECA2080698F004988CA /* Frameworks */ = {
			isa = PBXFrameworksBuildPhase;
			buildActionMask = 2147483647;
			files = (
			);
			runOnlyForDeploymentPostprocessing = 0;
		};
		18C44ED52080698F004988CA /* Frameworks */ = {
			isa = PBXFrameworksBuildPhase;
			buildActionMask = 2147483647;
			files = (
			);
			runOnlyForDeploymentPostprocessing = 0;
		};
/* End PBXFrameworksBuildPhase section */

/* Begin PBXGroup section */
		18C44EB02080698F004988CA = {
			isa = PBXGroup;
			children = (
				18C44EBB2080698F004988CA /* AudioRecorder */,
				18C44ED02080698F004988CA /* AudioRecorderTests */,
				18C44EDB2080698F004988CA /* AudioRecorderUITests */,
				18C44EBA2080698F004988CA /* Products */,
			);
			sourceTree = "<group>";
		};
		18C44EBA2080698F004988CA /* Products */ = {
			isa = PBXGroup;
			children = (
				18C44EB92080698F004988CA /* AudioRecorder.app */,
				18C44ECD2080698F004988CA /* AudioRecorderTests.xctest */,
				18C44ED82080698F004988CA /* AudioRecorderUITests.xctest */,
			);
			name = Products;
			sourceTree = "<group>";
		};
		18C44EBB2080698F004988CA /* AudioRecorder */ = {
			isa = PBXGroup;
			children = (
				18C44EBC2080698F004988CA /* AppDelegate.swift */,
				18C44EBE2080698F004988CA /* ViewController.swift */,
				18C44EC02080698F004988CA /* Main.storyboard */,
				18C44EC32080698F004988CA /* Assets.xcassets */,
				18C44EC52080698F004988CA /* LaunchScreen.storyboard */,
				18C44EC82080698F004988CA /* Info.plist */,
			);
			path = AudioRecorder;
			sourceTree = "<group>";
		};
		18C44ED02080698F004988CA /* AudioRecorderTests */ = {
			isa = PBXGroup;
			children = (
				18C44ED12080698F004988CA /* AudioRecorderTests.swift */,
				18C44ED32080698F004988CA /* Info.plist */,
			);
			path = AudioRecorderTests;
			sourceTree = "<group>";
		};
		18C44EDB2080698F004988CA /* AudioRecorderUITests */ = {
			isa = PBXGroup;
			children = (
				18C44EDC2080698F004988CA /* AudioRecorderUITests.swift */,
				18C44EDE2080698F004988CA /* Info.plist */,
			);
			path = AudioRecorderUITests;
			sourceTree = "<group>";
		};
/* End PBXGroup section */

/* Begin PBXNativeTarget section */
		18C44EB82080698F004988CA /* AudioRecorder */ = {
			isa = PBXNativeTarget;
			buildConfigurationList = 18C44EE12080698F004988CA /* Build configuration list for PBXNativeTarget "AudioRecorder" */;
			buildPhases = (
				18C44EB52080698F004988CA /* Sources */,
				18C44EB62080698F004988CA /* Frameworks */,
				18C44EB72080698F004988CA /* Resources */,
			);
			buildRules = (
			);
			dependencies = (
			);
			name = AudioRecorder;
			productName = AudioRecorder;
			productReference = 18C44EB92080698F004988CA /* AudioRecorder.app */;
			productType = "com.apple.product-type.application";
		};
		18C44ECC2080698F004988CA /* AudioRecorderTests */ = {
			isa = PBXNativeTarget;
			buildConfigurationList = 18C44EE42080698F004988CA /* Build configuration list for PBXNativeTarget "AudioRecorderTests" */;
			buildPhases = (
				18C44EC92080698F004988CA /* Sources */,
				18C44ECA2080698F004988CA /* Frameworks */,
				18C44ECB2080698F004988CA /* Resources */,
			);
			buildRules = (
			);
			dependencies = (
				18C44ECF2080698F004988CA /* PBXTargetDependency */,
			);
			name = AudioRecorderTests;
			productName = AudioRecorderTests;
			productReference = 18C44ECD2080698F004988CA /* AudioRecorderTests.xctest */;
			productType = "com.apple.product-type.bundle.unit-test";
		};
		18C44ED72080698F004988CA /* AudioRecorderUITests */ = {
			isa = PBXNativeTarget;
			buildConfigurationList = 18C44EE72080698F004988CA /* Build configuration list for PBXNativeTarget "AudioRecorderUITests" */;
			buildPhases = (
				18C44ED42080698F004988CA /* Sources */,
				18C44ED52080698F004988CA /* Frameworks */,
				18C44ED62080698F004988CA /* Resources */,
			);
			buildRules = (
			);
			dependencies = (
				18C44EDA2080698F004988CA /* PBXTargetDependency */,
			);
			name = AudioRecorderUITests;
			productName = AudioRecorderUITests;
			productReference = 18C44ED82080698F004988CA /* AudioRecorderUITests.xctest */;
			productType = "com.apple.product-type.bundle.ui-testing";
		};
/* End PBXNativeTarget section */

/* Begin PBXProject section */
		18C44EB12080698F004988CA /* Project object */ = {
			isa = PBXProject;
			attributes = {
				LastSwiftUpdateCheck = 0920;
				LastUpgradeCheck = 0920;
				ORGANIZATIONNAME = "Shaurya Technosoft Pvt. Ltd.";
				TargetAttributes = {
					18C44EB82080698F004988CA = {
						CreatedOnToolsVersion = 9.2;
						ProvisioningStyle = Automatic;
					};
					18C44ECC2080698F004988CA = {
						CreatedOnToolsVersion = 9.2;
						ProvisioningStyle = Automatic;
						TestTargetID = 18C44EB82080698F004988CA;
					};
					18C44ED72080698F004988CA = {
						CreatedOnToolsVersion = 9.2;
						ProvisioningStyle = Automatic;
						TestTargetID = 18C44EB82080698F004988CA;
					};
				};
			};
			buildConfigurationList = 18C44EB42080698F004988CA /* Build configuration list for PBXProject "AudioRecorder" */;
			compatibilityVersion = "Xcode 8.0";
			developmentRegion = en;
			hasScannedForEncodings = 0;
			knownRegions = (
				en,
				Base,
			);
			mainGroup = 18C44EB02080698F004988CA;
			productRefGroup = 18C44EBA2080698F004988CA /* Products */;
			projectDirPath = "";
			projectRoot = "";
			targets = (
				18C44EB82080698F004988CA /* AudioRecorder */,
				18C44ECC2080698F004988CA /* AudioRecorderTests */,
				18C44ED72080698F004988CA /* AudioRecorderUITests */,
			);
		};
/* End PBXProject section */

/* Begin PBXResourcesBuildPhase section */
		18C44EB72080698F004988CA /* Resources */ = {
			isa = PBXResourcesBuildPhase;
			buildActionMask = 2147483647;
			files = (
				18C44EC72080698F004988CA /* LaunchScreen.storyboard in Resources */,
				18C44EC42080698F004988CA /* Assets.xcassets in Resources */,
				18C44EC22080698F004988CA /* Main.storyboard in Resources */,
			);
			runOnlyForDeploymentPostprocessing = 0;
		};
		18C44ECB2080698F004988CA /* Resources */ = {
			isa = PBXResourcesBuildPhase;
			buildActionMask = 2147483647;
			files = (
			);
			runOnlyForDeploymentPostprocessing = 0;
		};
		18C44ED62080698F004988CA /* Resources */ = {
			isa = PBXResourcesBuildPhase;
			buildActionMask = 2147483647;
			files = (
			);
			runOnlyForDeploymentPostprocessing = 0;
		};
/* End PBXResourcesBuildPhase section */

/* Begin PBXSourcesBuildPhase section */
		18C44EB52080698F004988CA /* Sources */ = {
			isa = PBXSourcesBuildPhase;
			buildActionMask = 2147483647;
			files = (
				18C44EBF2080698F004988CA /* ViewController.swift in Sources */,
				18C44EBD2080698F004988CA /* AppDelegate.swift in Sources */,
			);
			runOnlyForDeploymentPostprocessing = 0;
		};
		18C44EC92080698F004988CA /* Sources */ = {
			isa = PBXSourcesBuildPhase;
			buildActionMask = 2147483647;
			files = (
				18C44ED22080698F004988CA /* AudioRecorderTests.swift in Sources */,
			);
			runOnlyForDeploymentPostprocessing = 0;
		};
		18C44ED42080698F004988CA /* Sources */ = {
			isa = PBXSourcesBuildPhase;
			buildActionMask = 2147483647;
			files = (
				18C44EDD2080698F004988CA /* AudioRecorderUITests.swift in Sources */,
			);
			runOnlyForDeploymentPostprocessing = 0;
		};
/* End PBXSourcesBuildPhase section */

/* Begin PBXTargetDependency section */
		18C44ECF2080698F004988CA /* PBXTargetDependency */ = {
			isa = PBXTargetDependency;
			target = 18C44EB82080698F004988CA /* AudioRecorder */;
			targetProxy = 18C44ECE2080698F004988CA /* PBXContainerItemProxy */;
		};
		18C44EDA2080698F004988CA /* PBXTargetDependency */ = {
			isa = PBXTargetDependency;
			target = 18C44EB82080698F004988CA /* AudioRecorder */;
			targetProxy = 18C44ED92080698F004988CA /* PBXContainerItemProxy */;
		};
/* End PBXTargetDependency section */

/* Begin PBXVariantGroup section */
		18C44EC02080698F004988CA /* Main.storyboard */ = {
			isa = PBXVariantGroup;
			children = (
				18C44EC12080698F004988CA /* Base */,
			);
			name = Main.storyboard;
			sourceTree = "<group>";
		};
		18C44EC52080698F004988CA /* LaunchScreen.storyboard */ = {
			isa = PBXVariantGroup;
			children = (
				18C44EC62080698F004988CA /* Base */,
			);
			name = LaunchScreen.storyboard;
			sourceTree = "<group>";
		};
/* End PBXVariantGroup section */

/* Begin XCBuildConfiguration section */
		18C44EDF2080698F004988CA /* Debug */ = {
			isa = XCBuildConfiguration;
			buildSettings = {
				ALWAYS_SEARCH_USER_PATHS = NO;
				CLANG_ANALYZER_NONNULL = YES;
				CLANG_ANALYZER_NUMBER_OBJECT_CONVERSION = YES_AGGRESSIVE;
				CLANG_CXX_LANGUAGE_STANDARD = "gnu++14";
				CLANG_CXX_LIBRARY = "libc++";
				CLANG_ENABLE_MODULES = YES;
				CLANG_ENABLE_OBJC_ARC = YES;
				CLANG_WARN_BLOCK_CAPTURE_AUTORELEASING = YES;
				CLANG_WARN_BOOL_CONVERSION = YES;
				CLANG_WARN_COMMA = YES;
				CLANG_WARN_CONSTANT_CONVERSION = YES;
				CLANG_WARN_DIRECT_OBJC_ISA_USAGE = YES_ERROR;
				CLANG_WARN_DOCUMENTATION_COMMENTS = YES;
				CLANG_WARN_EMPTY_BODY = YES;
				CLANG_WARN_ENUM_CONVERSION = YES;
				CLANG_WARN_INFINITE_RECURSION = YES;
				CLANG_WARN_INT_CONVERSION = YES;
				CLANG_WARN_NON_LITERAL_NULL_CONVERSION = YES;
				CLANG_WARN_OBJC_LITERAL_CONVERSION = YES;
				CLANG_WARN_OBJC_ROOT_CLASS = YES_ERROR;
				CLANG_WARN_RANGE_LOOP_ANALYSIS = YES;
				CLANG_WARN_STRICT_PROTOTYPES = YES;
				CLANG_WARN_SUSPICIOUS_MOVE = YES;
				CLANG_WARN_UNGUARDED_AVAILABILITY = YES_AGGRESSIVE;
				CLANG_WARN_UNREACHABLE_CODE = YES;
				CLANG_WARN__DUPLICATE_METHOD_MATCH = YES;
				CODE_SIGN_IDENTITY = "iPhone Developer";
				COPY_PHASE_STRIP = NO;
				DEBUG_INFORMATION_FORMAT = dwarf;
				ENABLE_STRICT_OBJC_MSGSEND = YES;
				ENABLE_TESTABILITY = YES;
				GCC_C_LANGUAGE_STANDARD = gnu11;
				GCC_DYNAMIC_NO_PIC = NO;
				GCC_NO_COMMON_BLOCKS = YES;
				GCC_OPTIMIZATION_LEVEL = 0;
				GCC_PREPROCESSOR_DEFINITIONS = (
					"DEBUG=1",
					"$(inherited)",
				);
				GCC_WARN_64_TO_32_BIT_CONVERSION = YES;
				GCC_WARN_ABOUT_RETURN_TYPE = YES_ERROR;
				GCC_WARN_UNDECLARED_SELECTOR = YES;
				GCC_WARN_UNINITIALIZED_AUTOS = YES_AGGRESSIVE;
				GCC_WARN_UNUSED_FUNCTION = YES;
				GCC_WARN_UNUSED_VARIABLE = YES;
				IPHONEOS_DEPLOYMENT_TARGET = 11.2;
				MTL_ENABLE_DEBUG_INFO = YES;
				ONLY_ACTIVE_ARCH = YES;
				SDKROOT = iphoneos;
				SWIFT_ACTIVE_COMPILATION_CONDITIONS = DEBUG;
				SWIFT_OPTIMIZATION_LEVEL = "-Onone";
			};
			name = Debug;
		};
		18C44EE02080698F004988CA /* Release */ = {
			isa = XCBuildConfiguration;
			buildSettings = {
				ALWAYS_SEARCH_USER_PATHS = NO;
				CLANG_ANALYZER_NONNULL = YES;
				CLANG_ANALYZER_NUMBER_OBJECT_CONVERSION = YES_AGGRESSIVE;
				CLANG_CXX_LANGUAGE_STANDARD = "gnu++14";
				CLANG_CXX_LIBRARY = "libc++";
				CLANG_ENABLE_MODULES = YES;
				CLANG_ENABLE_OBJC_ARC = YES;
				CLANG_WARN_BLOCK_CAPTURE_AUTORELEASING = YES;
				CLANG_WARN_BOOL_CONVERSION = YES;
				CLANG_WARN_COMMA = YES;
				CLANG_WARN_CONSTANT_CONVERSION = YES;
				CLANG_WARN_DIRECT_OBJC_ISA_USAGE = YES_ERROR;
				CLANG_WARN_DOCUMENTATION_COMMENTS = YES;
				CLANG_WARN_EMPTY_BODY = YES;
				CLANG_WARN_ENUM_CONVERSION = YES;
				CLANG_WARN_INFINITE_RECURSION = YES;
				CLANG_WARN_INT_CONVERSION = YES;
				CLANG_WARN_NON_LITERAL_NULL_CONVERSION = YES;
				CLANG_WARN_OBJC_LITERAL_CONVERSION = YES;
				CLANG_WARN_OBJC_ROOT_CLASS = YES_ERROR;
				CLANG_WARN_RANGE_LOOP_ANALYSIS = YES;
				CLANG_WARN_STRICT_PROTOTYPES = YES;
				CLANG_WARN_SUSPICIOUS_MOVE = YES;
				CLANG_WARN_UNGUARDED_AVAILABILITY = YES_AGGRESSIVE;
				CLANG_WARN_UNREACHABLE_CODE = YES;
				CLANG_WARN__DUPLICATE_METHOD_MATCH = YES;
				CODE_SIGN_IDENTITY = "iPhone Developer";
				COPY_PHASE_STRIP = NO;
				DEBUG_INFORMATION_FORMAT = "dwarf-with-dsym";
				ENABLE_NS_ASSERTIONS = NO;
				ENABLE_STRICT_OBJC_MSGSEND = YES;
				GCC_C_LANGUAGE_STANDARD = gnu11;
				GCC_NO_COMMON_BLOCKS = YES;
				GCC_WARN_64_TO_32_BIT_CONVERSION = YES;
				GCC_WARN_ABOUT_RETURN_TYPE = YES_ERROR;
				GCC_WARN_UNDECLARED_SELECTOR = YES;
				GCC_WARN_UNINITIALIZED_AUTOS = YES_AGGRESSIVE;
				GCC_WARN_UNUSED_FUNCTION = YES;
				GCC_WARN_UNUSED_VARIABLE = YES;
				IPHONEOS_DEPLOYMENT_TARGET = 11.2;
				MTL_ENABLE_DEBUG_INFO = NO;
				SDKROOT = iphoneos;
				SWIFT_OPTIMIZATION_LEVEL = "-Owholemodule";
				VALIDATE_PRODUCT = YES;
			};
			name = Release;
		};
		18C44EE22080698F004988CA /* Debug */ = {
			isa = XCBuildConfiguration;
			buildSettings = {
				ASSETCATALOG_COMPILER_APPICON_NAME = AppIcon;
				CODE_SIGN_STYLE = Automatic;
				DEVELOPMENT_TEAM = DX97AP4KRE;
				INFOPLIST_FILE = AudioRecorder/Info.plist;
				LD_RUNPATH_SEARCH_PATHS = "$(inherited) @executable_path/Frameworks";
				PRODUCT_BUNDLE_IDENTIFIER = comShauryaTechnosoftPune.AudioRecorder;
				PRODUCT_NAME = "$(TARGET_NAME)";
				SWIFT_VERSION = 4.0;
				TARGETED_DEVICE_FAMILY = "1,2";
			};
			name = Debug;
		};
		18C44EE32080698F004988CA /* Release */ = {
			isa = XCBuildConfiguration;
			buildSettings = {
				ASSETCATALOG_COMPILER_APPICON_NAME = AppIcon;
				CODE_SIGN_STYLE = Automatic;
				DEVELOPMENT_TEAM = DX97AP4KRE;
				INFOPLIST_FILE = AudioRecorder/Info.plist;
				LD_RUNPATH_SEARCH_PATHS = "$(inherited) @executable_path/Frameworks";
				PRODUCT_BUNDLE_IDENTIFIER = comShauryaTechnosoftPune.AudioRecorder;
				PRODUCT_NAME = "$(TARGET_NAME)";
				SWIFT_VERSION = 4.0;
				TARGETED_DEVICE_FAMILY = "1,2";
			};
			name = Release;
		};
		18C44EE52080698F004988CA /* Debug */ = {
			isa = XCBuildConfiguration;
			buildSettings = {
				ALWAYS_EMBED_SWIFT_STANDARD_LIBRARIES = YES;
				BUNDLE_LOADER = "$(TEST_HOST)";
				CODE_SIGN_STYLE = Automatic;
				DEVELOPMENT_TEAM = DX97AP4KRE;
				INFOPLIST_FILE = AudioRecorderTests/Info.plist;
				LD_RUNPATH_SEARCH_PATHS = "$(inherited) @executable_path/Frameworks @loader_path/Frameworks";
				PRODUCT_BUNDLE_IDENTIFIER = comShauryaTechnosoftPune.AudioRecorderTests;
				PRODUCT_NAME = "$(TARGET_NAME)";
				SWIFT_VERSION = 4.0;
				TARGETED_DEVICE_FAMILY = "1,2";
				TEST_HOST = "$(BUILT_PRODUCTS_DIR)/AudioRecorder.app/AudioRecorder";
			};
			name = Debug;
		};
		18C44EE62080698F004988CA /* Release */ = {
			isa = XCBuildConfiguration;
			buildSettings = {
				ALWAYS_EMBED_SWIFT_STANDARD_LIBRARIES = YES;
				BUNDLE_LOADER = "$(TEST_HOST)";
				CODE_SIGN_STYLE = Automatic;
				DEVELOPMENT_TEAM = DX97AP4KRE;
				INFOPLIST_FILE = AudioRecorderTests/Info.plist;
				LD_RUNPATH_SEARCH_PATHS = "$(inherited) @executable_path/Frameworks @loader_path/Frameworks";
				PRODUCT_BUNDLE_IDENTIFIER = comShauryaTechnosoftPune.AudioRecorderTests;
				PRODUCT_NAME = "$(TARGET_NAME)";
				SWIFT_VERSION = 4.0;
				TARGETED_DEVICE_FAMILY = "1,2";
				TEST_HOST = "$(BUILT_PRODUCTS_DIR)/AudioRecorder.app/AudioRecorder";
			};
			name = Release;
		};
		18C44EE82080698F004988CA /* Debug */ = {
			isa = XCBuildConfiguration;
			buildSettings = {
				ALWAYS_EMBED_SWIFT_STANDARD_LIBRARIES = YES;
				CODE_SIGN_STYLE = Automatic;
				DEVELOPMENT_TEAM = DX97AP4KRE;
				INFOPLIST_FILE = AudioRecorderUITests/Info.plist;
				LD_RUNPATH_SEARCH_PATHS = "$(inherited) @executable_path/Frameworks @loader_path/Frameworks";
				PRODUCT_BUNDLE_IDENTIFIER = comShauryaTechnosoftPune.AudioRecorderUITests;
				PRODUCT_NAME = "$(TARGET_NAME)";
				SWIFT_VERSION = 4.0;
				TARGETED_DEVICE_FAMILY = "1,2";
				TEST_TARGET_NAME = AudioRecorder;
			};
			name = Debug;
		};
		18C44EE92080698F004988CA /* Release */ = {
			isa = XCBuildConfiguration;
			buildSettings = {
				ALWAYS_EMBED_SWIFT_STANDARD_LIBRARIES = YES;
				CODE_SIGN_STYLE = Automatic;
				DEVELOPMENT_TEAM = DX97AP4KRE;
				INFOPLIST_FILE = AudioRecorderUITests/Info.plist;
				LD_RUNPATH_SEARCH_PATHS = "$(inherited) @executable_path/Frameworks @loader_path/Frameworks";
				PRODUCT_BUNDLE_IDENTIFIER = comShauryaTechnosoftPune.AudioRecorderUITests;
				PRODUCT_NAME = "$(TARGET_NAME)";
				SWIFT_VERSION = 4.0;
				TARGETED_DEVICE_FAMILY = "1,2";
				TEST_TARGET_NAME = AudioRecorder;
			};
			name = Release;
		};
/* End XCBuildConfiguration section */

/* Begin XCConfigurationList section */
		18C44EB42080698F004988CA /* Build configuration list for PBXProject "AudioRecorder" */ = {
			isa = XCConfigurationList;
			buildConfigurations = (
				18C44EDF2080698F004988CA /* Debug */,
				18C44EE02080698F004988CA /* Release */,
			);
			defaultConfigurationIsVisible = 0;
			defaultConfigurationName = Release;
		};
		18C44EE12080698F004988CA /* Build configuration list for PBXNativeTarget "AudioRecorder" */ = {
			isa = XCConfigurationList;
			buildConfigurations = (
				18C44EE22080698F004988CA /* Debug */,
				18C44EE32080698F004988CA /* Release */,
			);
			defaultConfigurationIsVisible = 0;
			defaultConfigurationName = Release;
		};
		18C44EE42080698F004988CA /* Build configuration list for PBXNativeTarget "AudioRecorderTests" */ = {
			isa = XCConfigurationList;
			buildConfigurations = (
				18C44EE52080698F004988CA /* Debug */,
				18C44EE62080698F004988CA /* Release */,
			);
			defaultConfigurationIsVisible = 0;
			defaultConfigurationName = Release;
		};
		18C44EE72080698F004988CA /* Build configuration list for PBXNativeTarget "AudioRecorderUITests" */ = {
			isa = XCConfigurationList;
			buildConfigurations = (
				18C44EE82080698F004988CA /* Debug */,
				18C44EE92080698F004988CA /* Release */,
			);
			defaultConfigurationIsVisible = 0;
			defaultConfigurationName = Release;
		};
/* End XCConfigurationList section */
	};
	rootObject = 18C44EB12080698F004988CA /* Project object */;
}
